
Microsoft Visual Studio Solution File, Format Version 12.00
# Visual Studio Version 17
VisualStudioVersion = 17.4.33122.133
MinimumVisualStudioVersion = 10.0.40219.1
Project("{9A19103F-16F7-4668-BE54-9A1E7A4F7556}") = "TicTacToe.Test", "TicTacToe.Test\TicTacToe.Test.csproj", "{1439A760-0565-4495-8E44-44C1E6321532}"
EndProject
Project("{FAE04EC0-301F-11D3-BF4B-00C04F79EFBC}") = "TicTacToe", "TicTacToe\TicTacToe.csproj", "{889C6C3C-657F-4D27-BC20-036B10637BF5}"
EndProject
Project("{9A19103F-16F7-4668-BE54-9A1E7A4F7556}") = "TicTacToeConsole", "TicTacToeConsole\TicTacToeConsole.csproj", "{C4FB7134-383E-4903-B382-4F7EBC3EA478}"
EndProject
Global
	GlobalSection(SolutionConfigurationPlatforms) = preSolution
		Debug|Any CPU = Debug|Any CPU
		Release|Any CPU = Release|Any CPU
	EndGlobalSection
	GlobalSection(ProjectConfigurationPlatforms) = postSolution
		{1439A760-0565-4495-8E44-44C1E6321532}.Debug|Any CPU.ActiveCfg = Debug|Any CPU
		{1439A760-0565-4495-8E44-44C1E6321532}.Debug|Any CPU.Build.0 = Debug|Any CPU
		{1439A760-0565-4495-8E44-44C1E6321532}.Release|Any CPU.ActiveCfg = Release|Any CPU
		{1439A760-0565-4495-8E44-44C1E6321532}.Release|Any CPU.Build.0 = Release|Any CPU
		{889C6C3C-657F-4D27-BC20-036B10637BF5}.Debug|Any CPU.ActiveCfg = Debug|Any CPU
		{889C6C3C-657F-4D27-BC20-036B10637BF5}.Debug|Any CPU.Build.0 = Debug|Any CPU
		{889C6C3C-657F-4D27-BC20-036B10637BF5}.Release|Any CPU.ActiveCfg = Release|Any CPU
		{889C6C3C-657F-4D27-BC20-036B10637BF5}.Release|Any CPU.Build.0 = Release|Any CPU
		{C4FB7134-383E-4903-B382-4F7EBC3EA478}.Debug|Any CPU.ActiveCfg = Debug|Any CPU
		{C4FB7134-383E-4903-B382-4F7EBC3EA478}.Debug|Any CPU.Build.0 = Debug|Any CPU
		{C4FB7134-383E-4903-B382-4F7EBC3EA478}.Release|Any CPU.ActiveCfg = Release|Any CPU
		{C4FB7134-383E-4903-B382-4F7EBC3EA478}.Release|Any CPU.Build.0 = Release|Any CPU
	EndGlobalSection
	GlobalSection(SolutionProperties) = preSolution
		HideSolutionNode = FALSE
	EndGlobalSection
	GlobalSection(ExtensibilityGlobals) = postSolution
		SolutionGuid = {531F4508-2425-4207-A18D-1C7DD280C890}
	EndGlobalSection
EndGlobal
